// !$*UTF8*$!
{
	archiveVersion = 1;
	classes = {
	};
	objectVersion = 77;
	objects = {

/* Begin PBXBuildFile section */
		049B77732CDDF69B0079F951 /* Category.swift in Sources */ = {isa = PBXBuildFile; fileRef = 049B77512CDDF69B0079F951 /* Category.swift */; };
		049B77742CDDF69B0079F951 /* ModelProtocol.swift in Sources */ = {isa = PBXBuildFile; fileRef = 049B77522CDDF69B0079F951 /* ModelProtocol.swift */; };
		049B77752CDDF69B0079F951 /* RealmCategories.swift in Sources */ = {isa = PBXBuildFile; fileRef = 049B77532CDDF69B0079F951 /* RealmCategories.swift */; };
		049B77762CDDF69B0079F951 /* RealmCategory.swift in Sources */ = {isa = PBXBuildFile; fileRef = 049B77542CDDF69B0079F951 /* RealmCategory.swift */; };
		049B77772CDDF69B0079F951 /* RealmVideo.swift in Sources */ = {isa = PBXBuildFile; fileRef = 049B77552CDDF69B0079F951 /* RealmVideo.swift */; };
		049B77782CDDF69B0079F951 /* TempStorage.swift in Sources */ = {isa = PBXBuildFile; fileRef = 049B77562CDDF69B0079F951 /* TempStorage.swift */; };
		049B77792CDDF69B0079F951 /* Video.swift in Sources */ = {isa = PBXBuildFile; fileRef = 049B77572CDDF69B0079F951 /* Video.swift */; };
		049B777A2CDDF69B0079F951 /* MemeEditListCell.swift in Sources */ = {isa = PBXBuildFile; fileRef = 049B77592CDDF69B0079F951 /* MemeEditListCell.swift */; };
		049B777B2CDDF69B0079F951 /* MemeGridCell.swift in Sources */ = {isa = PBXBuildFile; fileRef = 049B775A2CDDF69B0079F951 /* MemeGridCell.swift */; };
		049B777C2CDDF69B0079F951 /* MemeListCell.swift in Sources */ = {isa = PBXBuildFile; fileRef = 049B775B2CDDF69B0079F951 /* MemeListCell.swift */; };
		049B777D2CDDF69B0079F951 /* AddCategoryViewController.swift in Sources */ = {isa = PBXBuildFile; fileRef = 049B775D2CDDF69B0079F951 /* AddCategoryViewController.swift */; };
		049B777E2CDDF69B0079F951 /* AddVideoViewController.swift in Sources */ = {isa = PBXBuildFile; fileRef = 049B775E2CDDF69B0079F951 /* AddVideoViewController.swift */; };
		049B777F2CDDF69B0079F951 /* MainViewController.swift in Sources */ = {isa = PBXBuildFile; fileRef = 049B775F2CDDF69B0079F951 /* MainViewController.swift */; };
		049B77802CDDF69B0079F951 /* MemesViewController.swift in Sources */ = {isa = PBXBuildFile; fileRef = 049B77602CDDF69B0079F951 /* MemesViewController.swift */; };
		049B77812CDDF69B0079F951 /* MemeVideoViewController.swift in Sources */ = {isa = PBXBuildFile; fileRef = 049B77612CDDF69B0079F951 /* MemeVideoViewController.swift */; };
		049B77822CDDF69B0079F951 /* TextInputComponent.swift in Sources */ = {isa = PBXBuildFile; fileRef = 049B77622CDDF69B0079F951 /* TextInputComponent.swift */; };
		049B77832CDDF69B0079F951 /* AddVideoViewModel.swift in Sources */ = {isa = PBXBuildFile; fileRef = 049B77642CDDF69B0079F951 /* AddVideoViewModel.swift */; };
		049B77842CDDF69B0079F951 /* DataBaseManager.swift in Sources */ = {isa = PBXBuildFile; fileRef = 049B77652CDDF69B0079F951 /* DataBaseManager.swift */; };
		049B77852CDDF69B0079F951 /* ImageManager.swift in Sources */ = {isa = PBXBuildFile; fileRef = 049B77662CDDF69B0079F951 /* ImageManager.swift */; };
		049B77862CDDF69B0079F951 /* MainViewModel.swift in Sources */ = {isa = PBXBuildFile; fileRef = 049B77672CDDF69B0079F951 /* MainViewModel.swift */; };
		049B77872CDDF69B0079F951 /* MemesViewModel.swift in Sources */ = {isa = PBXBuildFile; fileRef = 049B77682CDDF69B0079F951 /* MemesViewModel.swift */; };
		049B77882CDDF69B0079F951 /* AppDelegate.swift in Sources */ = {isa = PBXBuildFile; fileRef = 049B776A2CDDF69B0079F951 /* AppDelegate.swift */; };
		049B77892CDDF69B0079F951 /* CellProtocol.swift in Sources */ = {isa = PBXBuildFile; fileRef = 049B776C2CDDF69B0079F951 /* CellProtocol.swift */; };
		049B778A2CDDF69B0079F951 /* SceneDelegate.swift in Sources */ = {isa = PBXBuildFile; fileRef = 049B77702CDDF69B0079F951 /* SceneDelegate.swift */; };
		049B778B2CDDF69B0079F951 /* ViewModelProtocol.swift in Sources */ = {isa = PBXBuildFile; fileRef = 049B77712CDDF69B0079F951 /* ViewModelProtocol.swift */; };
		049B778C2CDDF69B0079F951 /* Assets.xcassets in Resources */ = {isa = PBXBuildFile; fileRef = 049B776B2CDDF69B0079F951 /* Assets.xcassets */; };
		049B778E2CDDF69B0079F951 /* LaunchScreen.storyboard in Resources */ = {isa = PBXBuildFile; fileRef = 049B776F2CDDF69B0079F951 /* LaunchScreen.storyboard */; };
		04B23EB12CCC9E5B0047DCAE /* RealmSwift in Frameworks */ = {isa = PBXBuildFile; productRef = 04B23EB02CCC9E5B0047DCAE /* RealmSwift */; };
		04B23EB22CCC9F0C0047DCAE /* RealmSwift in Embed Frameworks */ = {isa = PBXBuildFile; productRef = 04B23EB02CCC9E5B0047DCAE /* RealmSwift */; settings = {ATTRIBUTES = (CodeSignOnCopy, ); }; };
/* End PBXBuildFile section */

/* Begin PBXCopyFilesBuildPhase section */
		04B23EB32CCC9F0C0047DCAE /* Embed Frameworks */ = {
			isa = PBXCopyFilesBuildPhase;
			buildActionMask = 2147483647;
			dstPath = "";
			dstSubfolderSpec = 10;
			files = (
				04B23EB22CCC9F0C0047DCAE /* RealmSwift in Embed Frameworks */,
			);
			name = "Embed Frameworks";
			runOnlyForDeploymentPostprocessing = 0;
		};
/* End PBXCopyFilesBuildPhase section */

/* Begin PBXFileReference section */
		049B77512CDDF69B0079F951 /* Category.swift */ = {isa = PBXFileReference; lastKnownFileType = sourcecode.swift; path = Category.swift; sourceTree = "<group>"; };
		049B77522CDDF69B0079F951 /* ModelProtocol.swift */ = {isa = PBXFileReference; lastKnownFileType = sourcecode.swift; path = ModelProtocol.swift; sourceTree = "<group>"; };
		049B77532CDDF69B0079F951 /* RealmCategories.swift */ = {isa = PBXFileReference; lastKnownFileType = sourcecode.swift; path = RealmCategories.swift; sourceTree = "<group>"; };
		049B77542CDDF69B0079F951 /* RealmCategory.swift */ = {isa = PBXFileReference; lastKnownFileType = sourcecode.swift; path = RealmCategory.swift; sourceTree = "<group>"; };
		049B77552CDDF69B0079F951 /* RealmVideo.swift */ = {isa = PBXFileReference; lastKnownFileType = sourcecode.swift; path = RealmVideo.swift; sourceTree = "<group>"; };
		049B77562CDDF69B0079F951 /* TempStorage.swift */ = {isa = PBXFileReference; lastKnownFileType = sourcecode.swift; path = TempStorage.swift; sourceTree = "<group>"; };
		049B77572CDDF69B0079F951 /* Video.swift */ = {isa = PBXFileReference; lastKnownFileType = sourcecode.swift; path = Video.swift; sourceTree = "<group>"; };
		049B77592CDDF69B0079F951 /* MemeEditListCell.swift */ = {isa = PBXFileReference; lastKnownFileType = sourcecode.swift; path = MemeEditListCell.swift; sourceTree = "<group>"; };
		049B775A2CDDF69B0079F951 /* MemeGridCell.swift */ = {isa = PBXFileReference; lastKnownFileType = sourcecode.swift; path = MemeGridCell.swift; sourceTree = "<group>"; };
		049B775B2CDDF69B0079F951 /* MemeListCell.swift */ = {isa = PBXFileReference; lastKnownFileType = sourcecode.swift; path = MemeListCell.swift; sourceTree = "<group>"; };
		049B775D2CDDF69B0079F951 /* AddCategoryViewController.swift */ = {isa = PBXFileReference; lastKnownFileType = sourcecode.swift; path = AddCategoryViewController.swift; sourceTree = "<group>"; };
		049B775E2CDDF69B0079F951 /* AddVideoViewController.swift */ = {isa = PBXFileReference; lastKnownFileType = sourcecode.swift; path = AddVideoViewController.swift; sourceTree = "<group>"; };
		049B775F2CDDF69B0079F951 /* MainViewController.swift */ = {isa = PBXFileReference; lastKnownFileType = sourcecode.swift; path = MainViewController.swift; sourceTree = "<group>"; };
		049B77602CDDF69B0079F951 /* MemesViewController.swift */ = {isa = PBXFileReference; lastKnownFileType = sourcecode.swift; path = MemesViewController.swift; sourceTree = "<group>"; };
		049B77612CDDF69B0079F951 /* MemeVideoViewController.swift */ = {isa = PBXFileReference; lastKnownFileType = sourcecode.swift; path = MemeVideoViewController.swift; sourceTree = "<group>"; };
		049B77622CDDF69B0079F951 /* TextInputComponent.swift */ = {isa = PBXFileReference; lastKnownFileType = sourcecode.swift; path = TextInputComponent.swift; sourceTree = "<group>"; };
		049B77642CDDF69B0079F951 /* AddVideoViewModel.swift */ = {isa = PBXFileReference; lastKnownFileType = sourcecode.swift; path = AddVideoViewModel.swift; sourceTree = "<group>"; };
		049B77652CDDF69B0079F951 /* DataBaseManager.swift */ = {isa = PBXFileReference; lastKnownFileType = sourcecode.swift; path = DataBaseManager.swift; sourceTree = "<group>"; };
		049B77662CDDF69B0079F951 /* ImageManager.swift */ = {isa = PBXFileReference; lastKnownFileType = sourcecode.swift; path = ImageManager.swift; sourceTree = "<group>"; };
		049B77672CDDF69B0079F951 /* MainViewModel.swift */ = {isa = PBXFileReference; lastKnownFileType = sourcecode.swift; path = MainViewModel.swift; sourceTree = "<group>"; };
		049B77682CDDF69B0079F951 /* MemesViewModel.swift */ = {isa = PBXFileReference; lastKnownFileType = sourcecode.swift; path = MemesViewModel.swift; sourceTree = "<group>"; };
		049B776A2CDDF69B0079F951 /* AppDelegate.swift */ = {isa = PBXFileReference; lastKnownFileType = sourcecode.swift; path = AppDelegate.swift; sourceTree = "<group>"; };
		049B776B2CDDF69B0079F951 /* Assets.xcassets */ = {isa = PBXFileReference; lastKnownFileType = folder.assetcatalog; path = Assets.xcassets; sourceTree = "<group>"; };
		049B776C2CDDF69B0079F951 /* CellProtocol.swift */ = {isa = PBXFileReference; lastKnownFileType = sourcecode.swift; path = CellProtocol.swift; sourceTree = "<group>"; };
		049B776D2CDDF69B0079F951 /* Info.plist */ = {isa = PBXFileReference; lastKnownFileType = text.plist.xml; path = Info.plist; sourceTree = "<group>"; };
		049B776E2CDDF69B0079F951 /* Base */ = {isa = PBXFileReference; lastKnownFileType = file.storyboard; name = Base; path = Base.lproj/LaunchScreen.storyboard; sourceTree = "<group>"; };
		049B77702CDDF69B0079F951 /* SceneDelegate.swift */ = {isa = PBXFileReference; lastKnownFileType = sourcecode.swift; path = SceneDelegate.swift; sourceTree = "<group>"; };
		049B77712CDDF69B0079F951 /* ViewModelProtocol.swift */ = {isa = PBXFileReference; lastKnownFileType = sourcecode.swift; path = ViewModelProtocol.swift; sourceTree = "<group>"; };
		04A38C1C2CBD3A38008A9D02 /* MemeCollection.app */ = {isa = PBXFileReference; explicitFileType = wrapper.application; includeInIndex = 0; path = MemeCollection.app; sourceTree = BUILT_PRODUCTS_DIR; };
/* End PBXFileReference section */

/* Begin PBXFrameworksBuildPhase section */
		04A38C192CBD3A38008A9D02 /* Frameworks */ = {
			isa = PBXFrameworksBuildPhase;
			buildActionMask = 2147483647;
			files = (
				04B23EB12CCC9E5B0047DCAE /* RealmSwift in Frameworks */,
			);
			runOnlyForDeploymentPostprocessing = 0;
		};
/* End PBXFrameworksBuildPhase section */

/* Begin PBXGroup section */
		049B77582CDDF69B0079F951 /* Model */ = {
			isa = PBXGroup;
			children = (
				049B77522CDDF69B0079F951 /* ModelProtocol.swift */,
				049B77512CDDF69B0079F951 /* Category.swift */,
				049B77572CDDF69B0079F951 /* Video.swift */,
				049B77532CDDF69B0079F951 /* RealmCategories.swift */,
				049B77542CDDF69B0079F951 /* RealmCategory.swift */,
				049B77552CDDF69B0079F951 /* RealmVideo.swift */,
				049B77562CDDF69B0079F951 /* TempStorage.swift */,
			);
			path = Model;
			sourceTree = "<group>";
		};
		049B775C2CDDF69B0079F951 /* Cell */ = {
			isa = PBXGroup;
			children = (
				049B77592CDDF69B0079F951 /* MemeEditListCell.swift */,
				049B775A2CDDF69B0079F951 /* MemeGridCell.swift */,
				049B775B2CDDF69B0079F951 /* MemeListCell.swift */,
			);
			path = Cell;
			sourceTree = "<group>";
		};
		049B77632CDDF69B0079F951 /* View */ = {
			isa = PBXGroup;
			children = (
				049B775C2CDDF69B0079F951 /* Cell */,
				049B775D2CDDF69B0079F951 /* AddCategoryViewController.swift */,
				049B775E2CDDF69B0079F951 /* AddVideoViewController.swift */,
				049B775F2CDDF69B0079F951 /* MainViewController.swift */,
				049B77602CDDF69B0079F951 /* MemesViewController.swift */,
				049B77612CDDF69B0079F951 /* MemeVideoViewController.swift */,
				049B778F2CDDF6C60079F951 /* Component */,
			);
			path = View;
			sourceTree = "<group>";
		};
		049B77692CDDF69B0079F951 /* ViewModel */ = {
			isa = PBXGroup;
			children = (
				049B77642CDDF69B0079F951 /* AddVideoViewModel.swift */,
				049B77652CDDF69B0079F951 /* DataBaseManager.swift */,
				049B77662CDDF69B0079F951 /* ImageManager.swift */,
				049B77672CDDF69B0079F951 /* MainViewModel.swift */,
				049B77682CDDF69B0079F951 /* MemesViewModel.swift */,
			);
			path = ViewModel;
			sourceTree = "<group>";
		};
		049B77722CDDF69B0079F951 /* MemeCollection */ = {
			isa = PBXGroup;
			children = (
				049B776A2CDDF69B0079F951 /* AppDelegate.swift */,
				049B77702CDDF69B0079F951 /* SceneDelegate.swift */,
				049B776C2CDDF69B0079F951 /* CellProtocol.swift */,
				049B77712CDDF69B0079F951 /* ViewModelProtocol.swift */,
				049B77582CDDF69B0079F951 /* Model */,
				049B77632CDDF69B0079F951 /* View */,
				049B77692CDDF69B0079F951 /* ViewModel */,
				049B776B2CDDF69B0079F951 /* Assets.xcassets */,
				049B776D2CDDF69B0079F951 /* Info.plist */,
				049B776F2CDDF69B0079F951 /* LaunchScreen.storyboard */,
			);
			path = MemeCollection;
			sourceTree = "<group>";
		};
		049B778F2CDDF6C60079F951 /* Component */ = {
			isa = PBXGroup;
			children = (
				049B77622CDDF69B0079F951 /* TextInputComponent.swift */,
			);
			path = Component;
			sourceTree = "<group>";
		};
		04A38C132CBD3A38008A9D02 = {
			isa = PBXGroup;
			children = (
				049B77722CDDF69B0079F951 /* MemeCollection */,
				04A38C1D2CBD3A38008A9D02 /* Products */,
			);
			sourceTree = "<group>";
		};
		04A38C1D2CBD3A38008A9D02 /* Products */ = {
			isa = PBXGroup;
			children = (
				04A38C1C2CBD3A38008A9D02 /* MemeCollection.app */,
			);
			name = Products;
			sourceTree = "<group>";
		};
/* End PBXGroup section */

/* Begin PBXNativeTarget section */
		04A38C1B2CBD3A38008A9D02 /* MemeCollection */ = {
			isa = PBXNativeTarget;
			buildConfigurationList = 04A38C2F2CBD3A39008A9D02 /* Build configuration list for PBXNativeTarget "MemeCollection" */;
			buildPhases = (
				04A38C182CBD3A38008A9D02 /* Sources */,
				04A38C192CBD3A38008A9D02 /* Frameworks */,
				04A38C1A2CBD3A38008A9D02 /* Resources */,
				04B23EB32CCC9F0C0047DCAE /* Embed Frameworks */,
			);
			buildRules = (
			);
			dependencies = (
			);
			name = MemeCollection;
			packageProductDependencies = (
				04B23EB02CCC9E5B0047DCAE /* RealmSwift */,
			);
			productName = MemeCollection;
			productReference = 04A38C1C2CBD3A38008A9D02 /* MemeCollection.app */;
			productType = "com.apple.product-type.application";
		};
/* End PBXNativeTarget section */

/* Begin PBXProject section */
		04A38C142CBD3A38008A9D02 /* Project object */ = {
			isa = PBXProject;
			attributes = {
				BuildIndependentTargetsInParallel = 1;
				LastSwiftUpdateCheck = 1600;
				LastUpgradeCheck = 1600;
				TargetAttributes = {
					04A38C1B2CBD3A38008A9D02 = {
						CreatedOnToolsVersion = 16.0;
					};
				};
			};
			buildConfigurationList = 04A38C172CBD3A38008A9D02 /* Build configuration list for PBXProject "MemeCollection" */;
			developmentRegion = en;
			hasScannedForEncodings = 0;
			knownRegions = (
				en,
				Base,
			);
			mainGroup = 04A38C132CBD3A38008A9D02;
			minimizedProjectReferenceProxies = 1;
			packageReferences = (
				04B23EAD2CCC9E5B0047DCAE /* XCRemoteSwiftPackageReference "realm-swift" */,
			);
			preferredProjectObjectVersion = 77;
			productRefGroup = 04A38C1D2CBD3A38008A9D02 /* Products */;
			projectDirPath = "";
			projectRoot = "";
			targets = (
				04A38C1B2CBD3A38008A9D02 /* MemeCollection */,
			);
		};
/* End PBXProject section */

/* Begin PBXResourcesBuildPhase section */
		04A38C1A2CBD3A38008A9D02 /* Resources */ = {
			isa = PBXResourcesBuildPhase;
			buildActionMask = 2147483647;
			files = (
				049B778C2CDDF69B0079F951 /* Assets.xcassets in Resources */,
				049B778E2CDDF69B0079F951 /* LaunchScreen.storyboard in Resources */,
			);
			runOnlyForDeploymentPostprocessing = 0;
		};
/* End PBXResourcesBuildPhase section */

/* Begin PBXSourcesBuildPhase section */
		04A38C182CBD3A38008A9D02 /* Sources */ = {
			isa = PBXSourcesBuildPhase;
			buildActionMask = 2147483647;
			files = (
				049B77732CDDF69B0079F951 /* Category.swift in Sources */,
				049B77742CDDF69B0079F951 /* ModelProtocol.swift in Sources */,
				049B77752CDDF69B0079F951 /* RealmCategories.swift in Sources */,
				049B77762CDDF69B0079F951 /* RealmCategory.swift in Sources */,
				049B77772CDDF69B0079F951 /* RealmVideo.swift in Sources */,
				049B77782CDDF69B0079F951 /* TempStorage.swift in Sources */,
				049B77792CDDF69B0079F951 /* Video.swift in Sources */,
				049B777A2CDDF69B0079F951 /* MemeEditListCell.swift in Sources */,
				049B777B2CDDF69B0079F951 /* MemeGridCell.swift in Sources */,
				049B777C2CDDF69B0079F951 /* MemeListCell.swift in Sources */,
				049B777D2CDDF69B0079F951 /* AddCategoryViewController.swift in Sources */,
				049B777E2CDDF69B0079F951 /* AddVideoViewController.swift in Sources */,
				049B777F2CDDF69B0079F951 /* MainViewController.swift in Sources */,
				049B77802CDDF69B0079F951 /* MemesViewController.swift in Sources */,
				049B77812CDDF69B0079F951 /* MemeVideoViewController.swift in Sources */,
				049B77822CDDF69B0079F951 /* TextInputComponent.swift in Sources */,
				049B77832CDDF69B0079F951 /* AddVideoViewModel.swift in Sources */,
				049B77842CDDF69B0079F951 /* DataBaseManager.swift in Sources */,
				049B77852CDDF69B0079F951 /* ImageManager.swift in Sources */,
				049B77862CDDF69B0079F951 /* MainViewModel.swift in Sources */,
				049B77872CDDF69B0079F951 /* MemesViewModel.swift in Sources */,
				049B77882CDDF69B0079F951 /* AppDelegate.swift in Sources */,
				049B77892CDDF69B0079F951 /* CellProtocol.swift in Sources */,
				049B778A2CDDF69B0079F951 /* SceneDelegate.swift in Sources */,
				049B778B2CDDF69B0079F951 /* ViewModelProtocol.swift in Sources */,
			);
			runOnlyForDeploymentPostprocessing = 0;
		};
/* End PBXSourcesBuildPhase section */

/* Begin PBXVariantGroup section */
		049B776F2CDDF69B0079F951 /* LaunchScreen.storyboard */ = {
			isa = PBXVariantGroup;
			children = (
				049B776E2CDDF69B0079F951 /* Base */,
			);
			name = LaunchScreen.storyboard;
			sourceTree = "<group>";
		};
/* End PBXVariantGroup section */

/* Begin XCBuildConfiguration section */
		04A38C302CBD3A39008A9D02 /* Debug */ = {
			isa = XCBuildConfiguration;
			buildSettings = {
				ASSETCATALOG_COMPILER_APPICON_NAME = AppIcon;
				ASSETCATALOG_COMPILER_GLOBAL_ACCENT_COLOR_NAME = AccentColor;
				CODE_SIGN_STYLE = Automatic;
				CURRENT_PROJECT_VERSION = 1;
				DEVELOPMENT_TEAM = 7492YXB292;
				GENERATE_INFOPLIST_FILE = YES;
				INFOPLIST_FILE = MemeCollection/Info.plist;
				INFOPLIST_KEY_UIApplicationSupportsIndirectInputEvents = YES;
				INFOPLIST_KEY_UILaunchStoryboardName = LaunchScreen;
				INFOPLIST_KEY_UISupportedInterfaceOrientations_iPad = "UIInterfaceOrientationPortrait UIInterfaceOrientationPortraitUpsideDown UIInterfaceOrientationLandscapeLeft UIInterfaceOrientationLandscapeRight";
				INFOPLIST_KEY_UISupportedInterfaceOrientations_iPhone = "UIInterfaceOrientationPortrait UIInterfaceOrientationLandscapeLeft UIInterfaceOrientationLandscapeRight";
				IPHONEOS_DEPLOYMENT_TARGET = 16.6;
				LD_RUNPATH_SEARCH_PATHS = (
					"$(inherited)",
					"@executable_path/Frameworks",
				);
				MARKETING_VERSION = 1.0;
				PRODUCT_BUNDLE_IDENTIFIER = com.project.MemeCollection;
				PRODUCT_NAME = "$(TARGET_NAME)";
				SWIFT_EMIT_LOC_STRINGS = YES;
				SWIFT_VERSION = 5.0;
				TARGETED_DEVICE_FAMILY = "1,2";
			};
			name = Debug;
		};
		04A38C312CBD3A39008A9D02 /* Release */ = {
			isa = XCBuildConfiguration;
			buildSettings = {
				ASSETCATALOG_COMPILER_APPICON_NAME = AppIcon;
				ASSETCATALOG_COMPILER_GLOBAL_ACCENT_COLOR_NAME = AccentColor;
				CODE_SIGN_STYLE = Automatic;
				CURRENT_PROJECT_VERSION = 1;
				DEVELOPMENT_TEAM = 7492YXB292;
				GENERATE_INFOPLIST_FILE = YES;
				INFOPLIST_FILE = MemeCollection/Info.plist;
				INFOPLIST_KEY_UIApplicationSupportsIndirectInputEvents = YES;
				INFOPLIST_KEY_UILaunchStoryboardName = LaunchScreen;
				INFOPLIST_KEY_UISupportedInterfaceOrientations_iPad = "UIInterfaceOrientationPortrait UIInterfaceOrientationPortraitUpsideDown UIInterfaceOrientationLandscapeLeft UIInterfaceOrientationLandscapeRight";
				INFOPLIST_KEY_UISupportedInterfaceOrientations_iPhone = "UIInterfaceOrientationPortrait UIInterfaceOrientationLandscapeLeft UIInterfaceOrientationLandscapeRight";
				IPHONEOS_DEPLOYMENT_TARGET = 16.6;
				LD_RUNPATH_SEARCH_PATHS = (
					"$(inherited)",
					"@executable_path/Frameworks",
				);
				MARKETING_VERSION = 1.0;
				PRODUCT_BUNDLE_IDENTIFIER = com.project.MemeCollection;
				PRODUCT_NAME = "$(TARGET_NAME)";
				SWIFT_EMIT_LOC_STRINGS = YES;
				SWIFT_VERSION = 5.0;
				TARGETED_DEVICE_FAMILY = "1,2";
			};
			name = Release;
		};
		04A38C322CBD3A39008A9D02 /* Debug */ = {
			isa = XCBuildConfiguration;
			buildSettings = {
				ALWAYS_SEARCH_USER_PATHS = NO;
				ASSETCATALOG_COMPILER_GENERATE_SWIFT_ASSET_SYMBOL_EXTENSIONS = YES;
				CLANG_ANALYZER_NONNULL = YES;
				CLANG_ANALYZER_NUMBER_OBJECT_CONVERSION = YES_AGGRESSIVE;
				CLANG_CXX_LANGUAGE_STANDARD = "gnu++20";
				CLANG_ENABLE_MODULES = YES;
				CLANG_ENABLE_OBJC_ARC = YES;
				CLANG_ENABLE_OBJC_WEAK = YES;
				CLANG_WARN_BLOCK_CAPTURE_AUTORELEASING = YES;
				CLANG_WARN_BOOL_CONVERSION = YES;
				CLANG_WARN_COMMA = YES;
				CLANG_WARN_CONSTANT_CONVERSION = YES;
				CLANG_WARN_DEPRECATED_OBJC_IMPLEMENTATIONS = YES;
				CLANG_WARN_DIRECT_OBJC_ISA_USAGE = YES_ERROR;
				CLANG_WARN_DOCUMENTATION_COMMENTS = YES;
				CLANG_WARN_EMPTY_BODY = YES;
				CLANG_WARN_ENUM_CONVERSION = YES;
				CLANG_WARN_INFINITE_RECURSION = YES;
				CLANG_WARN_INT_CONVERSION = YES;
				CLANG_WARN_NON_LITERAL_NULL_CONVERSION = YES;
				CLANG_WARN_OBJC_IMPLICIT_RETAIN_SELF = YES;
				CLANG_WARN_OBJC_LITERAL_CONVERSION = YES;
				CLANG_WARN_OBJC_ROOT_CLASS = YES_ERROR;
				CLANG_WARN_QUOTED_INCLUDE_IN_FRAMEWORK_HEADER = YES;
				CLANG_WARN_RANGE_LOOP_ANALYSIS = YES;
				CLANG_WARN_STRICT_PROTOTYPES = YES;
				CLANG_WARN_SUSPICIOUS_MOVE = YES;
				CLANG_WARN_UNGUARDED_AVAILABILITY = YES_AGGRESSIVE;
				CLANG_WARN_UNREACHABLE_CODE = YES;
				CLANG_WARN__DUPLICATE_METHOD_MATCH = YES;
				COPY_PHASE_STRIP = NO;
				DEBUG_INFORMATION_FORMAT = dwarf;
				ENABLE_STRICT_OBJC_MSGSEND = YES;
				ENABLE_TESTABILITY = YES;
				ENABLE_USER_SCRIPT_SANDBOXING = YES;
				GCC_C_LANGUAGE_STANDARD = gnu17;
				GCC_DYNAMIC_NO_PIC = NO;
				GCC_NO_COMMON_BLOCKS = YES;
				GCC_OPTIMIZATION_LEVEL = 0;
				GCC_PREPROCESSOR_DEFINITIONS = (
					"DEBUG=1",
					"$(inherited)",
				);
				GCC_WARN_64_TO_32_BIT_CONVERSION = YES;
				GCC_WARN_ABOUT_RETURN_TYPE = YES_ERROR;
				GCC_WARN_UNDECLARED_SELECTOR = YES;
				GCC_WARN_UNINITIALIZED_AUTOS = YES_AGGRESSIVE;
				GCC_WARN_UNUSED_FUNCTION = YES;
				GCC_WARN_UNUSED_VARIABLE = YES;
				IPHONEOS_DEPLOYMENT_TARGET = 18.0;
				LOCALIZATION_PREFERS_STRING_CATALOGS = YES;
				MTL_ENABLE_DEBUG_INFO = INCLUDE_SOURCE;
				MTL_FAST_MATH = YES;
				ONLY_ACTIVE_ARCH = YES;
				SDKROOT = iphoneos;
				SWIFT_ACTIVE_COMPILATION_CONDITIONS = "DEBUG $(inherited)";
				SWIFT_OPTIMIZATION_LEVEL = "-Onone";
			};
			name = Debug;
		};
		04A38C332CBD3A39008A9D02 /* Release */ = {
			isa = XCBuildConfiguration;
			buildSettings = {
				ALWAYS_SEARCH_USER_PATHS = NO;
				ASSETCATALOG_COMPILER_GENERATE_SWIFT_ASSET_SYMBOL_EXTENSIONS = YES;
				CLANG_ANALYZER_NONNULL = YES;
				CLANG_ANALYZER_NUMBER_OBJECT_CONVERSION = YES_AGGRESSIVE;
				CLANG_CXX_LANGUAGE_STANDARD = "gnu++20";
				CLANG_ENABLE_MODULES = YES;
				CLANG_ENABLE_OBJC_ARC = YES;
				CLANG_ENABLE_OBJC_WEAK = YES;
				CLANG_WARN_BLOCK_CAPTURE_AUTORELEASING = YES;
				CLANG_WARN_BOOL_CONVERSION = YES;
				CLANG_WARN_COMMA = YES;
				CLANG_WARN_CONSTANT_CONVERSION = YES;
				CLANG_WARN_DEPRECATED_OBJC_IMPLEMENTATIONS = YES;
				CLANG_WARN_DIRECT_OBJC_ISA_USAGE = YES_ERROR;
				CLANG_WARN_DOCUMENTATION_COMMENTS = YES;
				CLANG_WARN_EMPTY_BODY = YES;
				CLANG_WARN_ENUM_CONVERSION = YES;
				CLANG_WARN_INFINITE_RECURSION = YES;
				CLANG_WARN_INT_CONVERSION = YES;
				CLANG_WARN_NON_LITERAL_NULL_CONVERSION = YES;
				CLANG_WARN_OBJC_IMPLICIT_RETAIN_SELF = YES;
				CLANG_WARN_OBJC_LITERAL_CONVERSION = YES;
				CLANG_WARN_OBJC_ROOT_CLASS = YES_ERROR;
				CLANG_WARN_QUOTED_INCLUDE_IN_FRAMEWORK_HEADER = YES;
				CLANG_WARN_RANGE_LOOP_ANALYSIS = YES;
				CLANG_WARN_STRICT_PROTOTYPES = YES;
				CLANG_WARN_SUSPICIOUS_MOVE = YES;
				CLANG_WARN_UNGUARDED_AVAILABILITY = YES_AGGRESSIVE;
				CLANG_WARN_UNREACHABLE_CODE = YES;
				CLANG_WARN__DUPLICATE_METHOD_MATCH = YES;
				COPY_PHASE_STRIP = NO;
				DEBUG_INFORMATION_FORMAT = "dwarf-with-dsym";
				ENABLE_NS_ASSERTIONS = NO;
				ENABLE_STRICT_OBJC_MSGSEND = YES;
				ENABLE_USER_SCRIPT_SANDBOXING = YES;
				GCC_C_LANGUAGE_STANDARD = gnu17;
				GCC_NO_COMMON_BLOCKS = YES;
				GCC_WARN_64_TO_32_BIT_CONVERSION = YES;
				GCC_WARN_ABOUT_RETURN_TYPE = YES_ERROR;
				GCC_WARN_UNDECLARED_SELECTOR = YES;
				GCC_WARN_UNINITIALIZED_AUTOS = YES_AGGRESSIVE;
				GCC_WARN_UNUSED_FUNCTION = YES;
				GCC_WARN_UNUSED_VARIABLE = YES;
				IPHONEOS_DEPLOYMENT_TARGET = 18.0;
				LOCALIZATION_PREFERS_STRING_CATALOGS = YES;
				MTL_ENABLE_DEBUG_INFO = NO;
				MTL_FAST_MATH = YES;
				SDKROOT = iphoneos;
				SWIFT_COMPILATION_MODE = wholemodule;
				VALIDATE_PRODUCT = YES;
			};
			name = Release;
		};
/* End XCBuildConfiguration section */

/* Begin XCConfigurationList section */
		04A38C172CBD3A38008A9D02 /* Build configuration list for PBXProject "MemeCollection" */ = {
			isa = XCConfigurationList;
			buildConfigurations = (
				04A38C322CBD3A39008A9D02 /* Debug */,
				04A38C332CBD3A39008A9D02 /* Release */,
			);
			defaultConfigurationIsVisible = 0;
			defaultConfigurationName = Release;
		};
		04A38C2F2CBD3A39008A9D02 /* Build configuration list for PBXNativeTarget "MemeCollection" */ = {
			isa = XCConfigurationList;
			buildConfigurations = (
				04A38C302CBD3A39008A9D02 /* Debug */,
				04A38C312CBD3A39008A9D02 /* Release */,
			);
			defaultConfigurationIsVisible = 0;
			defaultConfigurationName = Release;
		};
/* End XCConfigurationList section */

/* Begin XCRemoteSwiftPackageReference section */
		04B23EAD2CCC9E5B0047DCAE /* XCRemoteSwiftPackageReference "realm-swift" */ = {
			isa = XCRemoteSwiftPackageReference;
			repositoryURL = "https://github.com/realm/realm-swift.git";
			requirement = {
				kind = upToNextMajorVersion;
				minimumVersion = 10.54.1;
			};
		};
/* End XCRemoteSwiftPackageReference section */

/* Begin XCSwiftPackageProductDependency section */
		04B23EB02CCC9E5B0047DCAE /* RealmSwift */ = {
			isa = XCSwiftPackageProductDependency;
			package = 04B23EAD2CCC9E5B0047DCAE /* XCRemoteSwiftPackageReference "realm-swift" */;
			productName = RealmSwift;
		};
/* End XCSwiftPackageProductDependency section */
	};
	rootObject = 04A38C142CBD3A38008A9D02 /* Project object */;
}
