{
  "originHash" : "bd43a4a5303008e646fbdedf77dd2ed5b69391425e3638f5b3ea6781f0a0cf97",
  "pins" : [
    {
      "identity" : "realm-cocoa",
      "kind" : "remoteSourceControl",
      "location" : "https://github.com/realm/realm-cocoa.git",
      "state" : {
        "branch" : "master",
        "revision" : "5553cfd1c789efdb3d6daf7f0cc0733cfe601846"
      }
    },
    {
      "identity" : "realm-core",
      "kind" : "remoteSourceControl",
      "location" : "https://github.com/realm/realm-core.git",
      "state" : {
        "revision" : "85eeca41654cc9070ad81a21a4b1d153ad467c33",
        "version" : "14.13.1"
      }
    }
  ],
  "version" : 3
}
